
Microsoft Visual Studio Solution File, Format Version 12.00
# Visual Studio Version 17
VisualStudioVersion = 17.1.32319.34
MinimumVisualStudioVersion = 10.0.40219.1
Project("{FAE04EC0-301F-11D3-BF4B-00C04F79EFBC}") = "CRUD-Fornecedores", "CRUD-Fornecedores.csproj", "{AC8C6355-BA33-47F0-9714-2AFACB3F5A2B}"
EndProject
Global
	GlobalSection(SolutionConfigurationPlatforms) = preSolution
		Debug|Any CPU = Debug|Any CPU
		Release|Any CPU = Release|Any CPU
	EndGlobalSection
	GlobalSection(ProjectConfigurationPlatforms) = postSolution
		{AC8C6355-BA33-47F0-9714-2AFACB3F5A2B}.Debug|Any CPU.ActiveCfg = Debug|Any CPU
		{AC8C6355-BA33-47F0-9714-2AFACB3F5A2B}.Debug|Any CPU.Build.0 = Debug|Any CPU
		{AC8C6355-BA33-47F0-9714-2AFACB3F5A2B}.Release|Any CPU.ActiveCfg = Release|Any CPU
		{AC8C6355-BA33-47F0-9714-2AFACB3F5A2B}.Release|Any CPU.Build.0 = Release|Any CPU
	EndGlobalSection
	GlobalSection(SolutionProperties) = preSolution
		HideSolutionNode = FALSE
	EndGlobalSection
	GlobalSection(ExtensibilityGlobals) = postSolution
		SolutionGuid = {83DC13EA-1947-424B-BA2F-B82F8D06CB68}
	EndGlobalSection
EndGlobal
